Microsoft Visual Studio Solution File, Format Version 12.00
# Visual Studio Version 18
VisualStudioVersion = 18.6.11806.211
MinimumVisualStudioVersion = 10.0.40219.1
Project("{8BC9CEB8-8B4A-11D0-8D11-00A0C91BC942}") = "ai_shell", "ai_shell.vcxproj", "{A1B2C3D4-E5F6-47A8-9B10-112233445566}"
	ProjectSection(ProjectDependencies) = postProject
		{078E6070-0693-3175-A08C-4E82A6E97FCE} = {078E6070-0693-3175-A08C-4E82A6E97FCE}
		{32F7D5FC-166D-3975-AA9F-D8C224C8708B} = {32F7D5FC-166D-3975-AA9F-D8C224C8708B}
		{A78BA632-F030-33A4-8FA8-BE5E4750CE60} = {A78BA632-F030-33A4-8FA8-BE5E4750CE60}
	EndProjectSection
EndProject
Project("{8BC9CEB8-8B4A-11D0-8D11-00A0C91BC942}") = "llama", "..\llama.cpp\build\src\llama.vcxproj", "{078E6070-0693-3175-A08C-4E82A6E97FCE}"
EndProject
Project("{8BC9CEB8-8B4A-11D0-8D11-00A0C91BC942}") = "llama-common-base", "..\llama.cpp\build\common\llama-common-base.vcxproj", "{A78BA632-F030-33A4-8FA8-BE5E4750CE60}"
EndProject
Project("{8BC9CEB8-8B4A-11D0-8D11-00A0C91BC942}") = "ggml", "..\llama.cpp\build\ggml\src\ggml.vcxproj", "{32F7D5FC-166D-3975-AA9F-D8C224C8708B}"
EndProject
Global
	GlobalSection(SolutionConfigurationPlatforms) = preSolution
		Debug|x64 = Debug|x64
		Release|x64 = Release|x64
	EndGlobalSection
	GlobalSection(ProjectConfigurationPlatforms) = postSolution
		{A1B2C3D4-E5F6-47A8-9B10-112233445566}.Debug|x64.ActiveCfg = Debug|x64
		{A1B2C3D4-E5F6-47A8-9B10-112233445566}.Debug|x64.Build.0 = Debug|x64
		{A1B2C3D4-E5F6-47A8-9B10-112233445566}.Release|x64.ActiveCfg = Release|x64
		{A1B2C3D4-E5F6-47A8-9B10-112233445566}.Release|x64.Build.0 = Release|x64
		{078E6070-0693-3175-A08C-4E82A6E97FCE}.Debug|x64.ActiveCfg = Debug|x64
		{078E6070-0693-3175-A08C-4E82A6E97FCE}.Debug|x64.Build.0 = Debug|x64
		{078E6070-0693-3175-A08C-4E82A6E97FCE}.Release|x64.ActiveCfg = Release|x64
		{078E6070-0693-3175-A08C-4E82A6E97FCE}.Release|x64.Build.0 = Release|x64
		{A78BA632-F030-33A4-8FA8-BE5E4750CE60}.Debug|x64.ActiveCfg = Debug|x64
		{A78BA632-F030-33A4-8FA8-BE5E4750CE60}.Debug|x64.Build.0 = Debug|x64
		{A78BA632-F030-33A4-8FA8-BE5E4750CE60}.Release|x64.ActiveCfg = Release|x64
		{A78BA632-F030-33A4-8FA8-BE5E4750CE60}.Release|x64.Build.0 = Release|x64
		{32F7D5FC-166D-3975-AA9F-D8C224C8708B}.Debug|x64.ActiveCfg = Debug|x64
		{32F7D5FC-166D-3975-AA9F-D8C224C8708B}.Debug|x64.Build.0 = Debug|x64
		{32F7D5FC-166D-3975-AA9F-D8C224C8708B}.Release|x64.ActiveCfg = Release|x64
		{32F7D5FC-166D-3975-AA9F-D8C224C8708B}.Release|x64.Build.0 = Release|x64
	EndGlobalSection
	GlobalSection(SolutionProperties) = preSolution
		HideSolutionNode = FALSE
	EndGlobalSection
	GlobalSection(ExtensibilityGlobals) = postSolution
		SolutionGuid = {511132B9-E13F-4166-A5E4-7CDB962F54F5}
	EndGlobalSection
EndGlobal
